// !$*UTF8*$!
{
	archiveVersion = 1;
	classes = {
	};
	objectVersion = 50;
	objects = {

/* Begin PBXBuildFile section */
		4D2A0D4E2486F540006E26A4 /* main.cpp in Sources */ = {isa = PBXBuildFile; fileRef = 4D2A0D4D2486F540006E26A4 /* main.cpp */; };
		4D2A0D552486F585006E26A4 /* length_of_longest_sub_string.hpp in Sources */ = {isa = PBXBuildFile; fileRef = 4D2A0D542486F585006E26A4 /* length_of_longest_sub_string.hpp */; };
		4D2BE657256B3DD400D5CCA1 /* three_sum.hpp in Sources */ = {isa = PBXBuildFile; fileRef = 4D2BE656256B3DD400D5CCA1 /* three_sum.hpp */; };
		4DB7E9082579C62A00E97117 /* add_two_numbers.hpp in Sources */ = {isa = PBXBuildFile; fileRef = 4DB7E9072579C62A00E97117 /* add_two_numbers.hpp */; };
		4DC0F8BF255B729000484B3A /* two_sum.hpp in Sources */ = {isa = PBXBuildFile; fileRef = 4DC0F8BE255B729000484B3A /* two_sum.hpp */; };
/* End PBXBuildFile section */

/* Begin PBXCopyFilesBuildPhase section */
		4D2A0D482486F540006E26A4 /* CopyFiles */ = {
			isa = PBXCopyFilesBuildPhase;
			buildActionMask = 2147483647;
			dstPath = /usr/share/man/man1/;
			dstSubfolderSpec = 0;
			files = (
			);
			runOnlyForDeploymentPostprocessing = 1;
		};
/* End PBXCopyFilesBuildPhase section */

/* Begin PBXFileReference section */
		4D2A0D4A2486F540006E26A4 /* LeetCode */ = {isa = PBXFileReference; explicitFileType = "compiled.mach-o.executable"; includeInIndex = 0; path = LeetCode; sourceTree = BUILT_PRODUCTS_DIR; };
		4D2A0D4D2486F540006E26A4 /* main.cpp */ = {isa = PBXFileReference; lastKnownFileType = sourcecode.cpp.cpp; path = main.cpp; sourceTree = "<group>"; };
		4D2A0D542486F585006E26A4 /* length_of_longest_sub_string.hpp */ = {isa = PBXFileReference; lastKnownFileType = sourcecode.cpp.h; path = length_of_longest_sub_string.hpp; sourceTree = "<group>"; };
		4D2BE656256B3DD400D5CCA1 /* three_sum.hpp */ = {isa = PBXFileReference; lastKnownFileType = sourcecode.cpp.h; path = three_sum.hpp; sourceTree = "<group>"; };
		4DB7E9072579C62A00E97117 /* add_two_numbers.hpp */ = {isa = PBXFileReference; lastKnownFileType = sourcecode.cpp.h; path = add_two_numbers.hpp; sourceTree = "<group>"; };
		4DC0F8BE255B729000484B3A /* two_sum.hpp */ = {isa = PBXFileReference; lastKnownFileType = sourcecode.cpp.h; path = two_sum.hpp; sourceTree = "<group>"; };
		4DD61CC225A9376B000738BD /* find_median_sorted_arrays.hpp */ = {isa = PBXFileReference; lastKnownFileType = sourcecode.cpp.h; path = find_median_sorted_arrays.hpp; sourceTree = "<group>"; };
/* End PBXFileReference section */

/* Begin PBXFrameworksBuildPhase section */
		4D2A0D472486F540006E26A4 /* Frameworks */ = {
			isa = PBXFrameworksBuildPhase;
			buildActionMask = 2147483647;
			files = (
			);
			runOnlyForDeploymentPostprocessing = 0;
		};
/* End PBXFrameworksBuildPhase section */

/* Begin PBXGroup section */
		4D2A0D412486F540006E26A4 = {
			isa = PBXGroup;
			children = (
				4D2A0D4C2486F540006E26A4 /* LeetCode */,
				4D2A0D4B2486F540006E26A4 /* Products */,
			);
			sourceTree = "<group>";
		};
		4D2A0D4B2486F540006E26A4 /* Products */ = {
			isa = PBXGroup;
			children = (
				4D2A0D4A2486F540006E26A4 /* LeetCode */,
			);
			name = Products;
			sourceTree = "<group>";
		};
		4D2A0D4C2486F540006E26A4 /* LeetCode */ = {
			isa = PBXGroup;
			children = (
				4D2A0D4D2486F540006E26A4 /* main.cpp */,
				4D2A0D542486F585006E26A4 /* length_of_longest_sub_string.hpp */,
				4DC0F8BE255B729000484B3A /* two_sum.hpp */,
				4D2BE656256B3DD400D5CCA1 /* three_sum.hpp */,
				4DB7E9072579C62A00E97117 /* add_two_numbers.hpp */,
				4DD61CC225A9376B000738BD /* find_median_sorted_arrays.hpp */,
			);
			path = LeetCode;
			sourceTree = "<group>";
		};
/* End PBXGroup section */

/* Begin PBXNativeTarget section */
		4D2A0D492486F540006E26A4 /* LeetCode */ = {
			isa = PBXNativeTarget;
			buildConfigurationList = 4D2A0D512486F540006E26A4 /* Build configuration list for PBXNativeTarget "LeetCode" */;
			buildPhases = (
				4D2A0D462486F540006E26A4 /* Sources */,
				4D2A0D472486F540006E26A4 /* Frameworks */,
				4D2A0D482486F540006E26A4 /* CopyFiles */,
			);
			buildRules = (
			);
			dependencies = (
			);
			name = LeetCode;
			productName = LeetCode;
			productReference = 4D2A0D4A2486F540006E26A4 /* LeetCode */;
			productType = "com.apple.product-type.tool";
		};
/* End PBXNativeTarget section */

/* Begin PBXProject section */
		4D2A0D422486F540006E26A4 /* Project object */ = {
			isa = PBXProject;
			attributes = {
				LastUpgradeCheck = 1150;
				ORGANIZATIONNAME = Zego;
				TargetAttributes = {
					4D2A0D492486F540006E26A4 = {
						CreatedOnToolsVersion = 11.5;
					};
				};
			};
			buildConfigurationList = 4D2A0D452486F540006E26A4 /* Build configuration list for PBXProject "LeetCode" */;
			compatibilityVersion = "Xcode 9.3";
			developmentRegion = en;
			hasScannedForEncodings = 0;
			knownRegions = (
				en,
				Base,
			);
			mainGroup = 4D2A0D412486F540006E26A4;
			productRefGroup = 4D2A0D4B2486F540006E26A4 /* Products */;
			projectDirPath = "";
			projectRoot = "";
			targets = (
				4D2A0D492486F540006E26A4 /* LeetCode */,
			);
		};
/* End PBXProject section */

/* Begin PBXSourcesBuildPhase section */
		4D2A0D462486F540006E26A4 /* Sources */ = {
			isa = PBXSourcesBuildPhase;
			buildActionMask = 2147483647;
			files = (
				4D2A0D552486F585006E26A4 /* length_of_longest_sub_string.hpp in Sources */,
				4DC0F8BF255B729000484B3A /* two_sum.hpp in Sources */,
				4D2BE657256B3DD400D5CCA1 /* three_sum.hpp in Sources */,
				4DB7E9082579C62A00E97117 /* add_two_numbers.hpp in Sources */,
				4D2A0D4E2486F540006E26A4 /* main.cpp in Sources */,
			);
			runOnlyForDeploymentPostprocessing = 0;
		};
/* End PBXSourcesBuildPhase section */

/* Begin XCBuildConfiguration section */
		4D2A0D4F2486F540006E26A4 /* Debug */ = {
			isa = XCBuildConfiguration;
			buildSettings = {
				ALWAYS_SEARCH_USER_PATHS = NO;
				CLANG_ANALYZER_NONNULL = YES;
				CLANG_ANALYZER_NUMBER_OBJECT_CONVERSION = YES_AGGRESSIVE;
				CLANG_CXX_LANGUAGE_STANDARD = "gnu++14";
				CLANG_CXX_LIBRARY = "libc++";
				CLANG_ENABLE_MODULES = YES;
				CLANG_ENABLE_OBJC_ARC = YES;
				CLANG_ENABLE_OBJC_WEAK = YES;
				CLANG_WARN_BLOCK_CAPTURE_AUTORELEASING = YES;
				CLANG_WARN_BOOL_CONVERSION = YES;
				CLANG_WARN_COMMA = YES;
				CLANG_WARN_CONSTANT_CONVERSION = YES;
				CLANG_WARN_DEPRECATED_OBJC_IMPLEMENTATIONS = YES;
				CLANG_WARN_DIRECT_OBJC_ISA_USAGE = YES_ERROR;
				CLANG_WARN_DOCUMENTATION_COMMENTS = YES;
				CLANG_WARN_EMPTY_BODY = YES;
				CLANG_WARN_ENUM_CONVERSION = YES;
				CLANG_WARN_INFINITE_RECURSION = YES;
				CLANG_WARN_INT_CONVERSION = YES;
				CLANG_WARN_NON_LITERAL_NULL_CONVERSION = YES;
				CLANG_WARN_OBJC_IMPLICIT_RETAIN_SELF = YES;
				CLANG_WARN_OBJC_LITERAL_CONVERSION = YES;
				CLANG_WARN_OBJC_ROOT_CLASS = YES_ERROR;
				CLANG_WARN_RANGE_LOOP_ANALYSIS = YES;
				CLANG_WARN_STRICT_PROTOTYPES = YES;
				CLANG_WARN_SUSPICIOUS_MOVE = YES;
				CLANG_WARN_UNGUARDED_AVAILABILITY = YES_AGGRESSIVE;
				CLANG_WARN_UNREACHABLE_CODE = YES;
				CLANG_WARN__DUPLICATE_METHOD_MATCH = YES;
				COPY_PHASE_STRIP = NO;
				DEBUG_INFORMATION_FORMAT = dwarf;
				ENABLE_STRICT_OBJC_MSGSEND = YES;
				ENABLE_TESTABILITY = YES;
				GCC_C_LANGUAGE_STANDARD = gnu11;
				GCC_DYNAMIC_NO_PIC = NO;
				GCC_NO_COMMON_BLOCKS = YES;
				GCC_OPTIMIZATION_LEVEL = 0;
				GCC_PREPROCESSOR_DEFINITIONS = (
					"DEBUG=1",
					"$(inherited)",
				);
				GCC_WARN_64_TO_32_BIT_CONVERSION = YES;
				GCC_WARN_ABOUT_RETURN_TYPE = YES_ERROR;
				GCC_WARN_UNDECLARED_SELECTOR = YES;
				GCC_WARN_UNINITIALIZED_AUTOS = YES_AGGRESSIVE;
				GCC_WARN_UNUSED_FUNCTION = YES;
				GCC_WARN_UNUSED_VARIABLE = YES;
				MACOSX_DEPLOYMENT_TARGET = 10.15;
				MTL_ENABLE_DEBUG_INFO = INCLUDE_SOURCE;
				MTL_FAST_MATH = YES;
				ONLY_ACTIVE_ARCH = YES;
				SDKROOT = macosx;
			};
			name = Debug;
		};
		4D2A0D502486F540006E26A4 /* Release */ = {
			isa = XCBuildConfiguration;
			buildSettings = {
				ALWAYS_SEARCH_USER_PATHS = NO;
				CLANG_ANALYZER_NONNULL = YES;
				CLANG_ANALYZER_NUMBER_OBJECT_CONVERSION = YES_AGGRESSIVE;
				CLANG_CXX_LANGUAGE_STANDARD = "gnu++14";
				CLANG_CXX_LIBRARY = "libc++";
				CLANG_ENABLE_MODULES = YES;
				CLANG_ENABLE_OBJC_ARC = YES;
				CLANG_ENABLE_OBJC_WEAK = YES;
				CLANG_WARN_BLOCK_CAPTURE_AUTORELEASING = YES;
				CLANG_WARN_BOOL_CONVERSION = YES;
				CLANG_WARN_COMMA = YES;
				CLANG_WARN_CONSTANT_CONVERSION = YES;
				CLANG_WARN_DEPRECATED_OBJC_IMPLEMENTATIONS = YES;
				CLANG_WARN_DIRECT_OBJC_ISA_USAGE = YES_ERROR;
				CLANG_WARN_DOCUMENTATION_COMMENTS = YES;
				CLANG_WARN_EMPTY_BODY = YES;
				CLANG_WARN_ENUM_CONVERSION = YES;
				CLANG_WARN_INFINITE_RECURSION = YES;
				CLANG_WARN_INT_CONVERSION = YES;
				CLANG_WARN_NON_LITERAL_NULL_CONVERSION = YES;
				CLANG_WARN_OBJC_IMPLICIT_RETAIN_SELF = YES;
				CLANG_WARN_OBJC_LITERAL_CONVERSION = YES;
				CLANG_WARN_OBJC_ROOT_CLASS = YES_ERROR;
				CLANG_WARN_RANGE_LOOP_ANALYSIS = YES;
				CLANG_WARN_STRICT_PROTOTYPES = YES;
				CLANG_WARN_SUSPICIOUS_MOVE = YES;
				CLANG_WARN_UNGUARDED_AVAILABILITY = YES_AGGRESSIVE;
				CLANG_WARN_UNREACHABLE_CODE = YES;
				CLANG_WARN__DUPLICATE_METHOD_MATCH = YES;
				COPY_PHASE_STRIP = NO;
				DEBUG_INFORMATION_FORMAT = "dwarf-with-dsym";
				ENABLE_NS_ASSERTIONS = NO;
				ENABLE_STRICT_OBJC_MSGSEND = YES;
				GCC_C_LANGUAGE_STANDARD = gnu11;
				GCC_NO_COMMON_BLOCKS = YES;
				GCC_WARN_64_TO_32_BIT_CONVERSION = YES;
				GCC_WARN_ABOUT_RETURN_TYPE = YES_ERROR;
				GCC_WARN_UNDECLARED_SELECTOR = YES;
				GCC_WARN_UNINITIALIZED_AUTOS = YES_AGGRESSIVE;
				GCC_WARN_UNUSED_FUNCTION = YES;
				GCC_WARN_UNUSED_VARIABLE = YES;
				MACOSX_DEPLOYMENT_TARGET = 10.15;
				MTL_ENABLE_DEBUG_INFO = NO;
				MTL_FAST_MATH = YES;
				SDKROOT = macosx;
			};
			name = Release;
		};
		4D2A0D522486F540006E26A4 /* Debug */ = {
			isa = XCBuildConfiguration;
			buildSettings = {
				CODE_SIGN_STYLE = Automatic;
				DEVELOPMENT_TEAM = K998G3VUET;
				ENABLE_HARDENED_RUNTIME = YES;
				HEADER_SEARCH_PATHS = (
					"$(SRCROOT)/../Utils/Sources",
					"$(SRCROOT)/../LinkedList/LinkedList",
				);
				PRODUCT_NAME = "$(TARGET_NAME)";
			};
			name = Debug;
		};
		4D2A0D532486F540006E26A4 /* Release */ = {
			isa = XCBuildConfiguration;
			buildSettings = {
				CODE_SIGN_STYLE = Automatic;
				DEVELOPMENT_TEAM = K998G3VUET;
				ENABLE_HARDENED_RUNTIME = YES;
				HEADER_SEARCH_PATHS = (
					"$(SRCROOT)/../Utils/Sources",
					"$(SRCROOT)/../LinkedList/LinkedList",
				);
				PRODUCT_NAME = "$(TARGET_NAME)";
			};
			name = Release;
		};
/* End XCBuildConfiguration section */

/* Begin XCConfigurationList section */
		4D2A0D452486F540006E26A4 /* Build configuration list for PBXProject "LeetCode" */ = {
			isa = XCConfigurationList;
			buildConfigurations = (
				4D2A0D4F2486F540006E26A4 /* Debug */,
				4D2A0D502486F540006E26A4 /* Release */,
			);
			defaultConfigurationIsVisible = 0;
			defaultConfigurationName = Release;
		};
		4D2A0D512486F540006E26A4 /* Build configuration list for PBXNativeTarget "LeetCode" */ = {
			isa = XCConfigurationList;
			buildConfigurations = (
				4D2A0D522486F540006E26A4 /* Debug */,
				4D2A0D532486F540006E26A4 /* Release */,
			);
			defaultConfigurationIsVisible = 0;
			defaultConfigurationName = Release;
		};
/* End XCConfigurationList section */
	};
	rootObject = 4D2A0D422486F540006E26A4 /* Project object */;
}
